PODS:
  - CloudFrontSignedURL (0.5.0)

DEPENDENCIES:
  - CloudFrontSignedURL (from `../`)

EXTERNAL SOURCES:
  CloudFrontSignedURL:
    :path: "../"

SPEC CHECKSUMS:
  CloudFrontSignedURL: 7db63760669b9323ad5d20e82b4e57abb49ec27a

PODFILE CHECKSUM: 76eca3f31cbb39e5e86eb06427f19972a69b66ed

COCOAPODS: 1.9.3
