PODS:
  - CloudFrontSignedURL (0.5.0)

DEPENDENCIES:
  - CloudFrontSignedURL (from `../`)

EXTERNAL SOURCES:
  CloudFrontSignedURL:
    :path: "../"

SPEC CHECKSUMS:
  CloudFrontSignedURL: 84eb782c6613c370007823c41a0c4ece2b436f01

PODFILE CHECKSUM: 204b108cbc2a39159bbab0dd512b65fe61fd7f20

COCOAPODS: 1.9.3
